
Microsoft Visual Studio Solution File, Format Version 12.00
# Visual Studio Version 17
VisualStudioVersion = 17.4.33110.190
MinimumVisualStudioVersion = 10.0.40219.1
Project("{FAE04EC0-301F-11D3-BF4B-00C04F79EFBC}") = "BurgerAutomation", "BurgerAutomation.csproj", "{0024736D-AD7B-4287-8613-BDC913371E95}"
EndProject
Global
	GlobalSection(SolutionConfigurationPlatforms) = preSolution
		Debug|Any CPU = Debug|Any CPU
		Release|Any CPU = Release|Any CPU
	EndGlobalSection
	GlobalSection(ProjectConfigurationPlatforms) = postSolution
		{0024736D-AD7B-4287-8613-BDC913371E95}.Debug|Any CPU.ActiveCfg = Debug|Any CPU
		{0024736D-AD7B-4287-8613-BDC913371E95}.Debug|Any CPU.Build.0 = Debug|Any CPU
		{0024736D-AD7B-4287-8613-BDC913371E95}.Release|Any CPU.ActiveCfg = Release|Any CPU
		{0024736D-AD7B-4287-8613-BDC913371E95}.Release|Any CPU.Build.0 = Release|Any CPU
	EndGlobalSection
	GlobalSection(SolutionProperties) = preSolution
		HideSolutionNode = FALSE
	EndGlobalSection
	GlobalSection(ExtensibilityGlobals) = postSolution
		SolutionGuid = {759F321D-F4AE-479E-B456-27FA06937BD6}
	EndGlobalSection
EndGlobal
